
Microsoft Visual Studio Solution File, Format Version 12.00
# Visual Studio Version 17
VisualStudioVersion = 17.0.31912.275
MinimumVisualStudioVersion = 10.0.40219.1
Project("{2150E333-8FDC-42A3-9474-1A3956D46DE8}") = "Solution Items", "Solution Items", "{870D9301-BE3D-44EA-BF9C-FCC2E87FE4CD}"
	ProjectSection(SolutionItems) = preProject
		Directory.Build.props = Directory.Build.props
		Directory.Build.targets = Directory.Build.targets
		solution-helper.psm1 = solution-helper.psm1
	EndProjectSection
EndProject
Project("{9A19103F-16F7-4668-BE54-9A1E7A4F7556}") = "Hyperbee.Json", "src\Hyperbee.Json\Hyperbee.Json.csproj", "{4586A069-FB8A-4D87-9D0C-D0960447B8B0}"
EndProject
Project("{2150E333-8FDC-42A3-9474-1A3956D46DE8}") = "Solution Tests", "Solution Tests", "{F9B24CD9-E06B-4834-84CB-8C29E5F10BE0}"
EndProject
Project("{2150E333-8FDC-42A3-9474-1A3956D46DE8}") = ".github", ".github", "{1FA7CE2A-C9DA-4DC3-A242-5A7EAF8EE4FC}"
	ProjectSection(SolutionItems) = preProject
		.github\dependabot.yml = .github\dependabot.yml
		.github\issue-branch.yml = .github\issue-branch.yml
	EndProjectSection
EndProject
Project("{2150E333-8FDC-42A3-9474-1A3956D46DE8}") = "workflows", "workflows", "{4DBDB7F5-3F66-4572-80B5-3322449C77A4}"
	ProjectSection(SolutionItems) = preProject
		.github\workflows\create-release.yml = .github\workflows\create-release.yml
		.github\workflows\format.yml = .github\workflows\format.yml
		.github\workflows\issue-branch.yml = .github\workflows\issue-branch.yml
		.github\workflows\publish.yml = .github\workflows\publish.yml
		.github\workflows\test-report.yml = .github\workflows\test-report.yml
		.github\workflows\test.yml = .github\workflows\test.yml
		.github\workflows\update-version.yml = .github\workflows\update-version.yml
	EndProjectSection
EndProject
Project("{9A19103F-16F7-4668-BE54-9A1E7A4F7556}") = "Hyperbee.Json.Tests", "test\Hyperbee.Json.Tests\Hyperbee.Json.Tests.csproj", "{97886205-1467-4EE6-B3DA-496CA3D086E4}"
EndProject
Project("{9A19103F-16F7-4668-BE54-9A1E7A4F7556}") = "Hyperbee.Json.Benchmark", "test\Hyperbee.Json.Benchmark\Hyperbee.Json.Benchmark.csproj", "{45C24D4B-4A0B-4FF1-AC66-38374D2455E9}"
EndProject
Project("{2150E333-8FDC-42A3-9474-1A3956D46DE8}") = "docs", "docs", "{13CB9B41-0462-4812-8B13-0BFD17F2BC18}"
	ProjectSection(SolutionItems) = preProject
		docs\ADDITIONAL-CLASSES.md = docs\ADDITIONAL-CLASSES.md
		docs\JSONPATH-SYNTAX.md = docs\JSONPATH-SYNTAX.md
	EndProjectSection
EndProject
Project("{9A19103F-16F7-4668-BE54-9A1E7A4F7556}") = "Hyperbee.Json.Cts", "test\Hyperbee.Json.Cts\Hyperbee.Json.Cts.csproj", "{CC1D3E7F-E6F1-432B-B4D1-9402AED24119}"
EndProject
Global
	GlobalSection(SolutionConfigurationPlatforms) = preSolution
		Debug|Any CPU = Debug|Any CPU
		Release|Any CPU = Release|Any CPU
	EndGlobalSection
	GlobalSection(ProjectConfigurationPlatforms) = postSolution
		{4586A069-FB8A-4D87-9D0C-D0960447B8B0}.Debug|Any CPU.ActiveCfg = Debug|Any CPU
		{4586A069-FB8A-4D87-9D0C-D0960447B8B0}.Debug|Any CPU.Build.0 = Debug|Any CPU
		{4586A069-FB8A-4D87-9D0C-D0960447B8B0}.Release|Any CPU.ActiveCfg = Release|Any CPU
		{4586A069-FB8A-4D87-9D0C-D0960447B8B0}.Release|Any CPU.Build.0 = Release|Any CPU
		{97886205-1467-4EE6-B3DA-496CA3D086E4}.Debug|Any CPU.ActiveCfg = Debug|Any CPU
		{97886205-1467-4EE6-B3DA-496CA3D086E4}.Debug|Any CPU.Build.0 = Debug|Any CPU
		{97886205-1467-4EE6-B3DA-496CA3D086E4}.Release|Any CPU.ActiveCfg = Release|Any CPU
		{97886205-1467-4EE6-B3DA-496CA3D086E4}.Release|Any CPU.Build.0 = Release|Any CPU
		{45C24D4B-4A0B-4FF1-AC66-38374D2455E9}.Debug|Any CPU.ActiveCfg = Debug|Any CPU
		{45C24D4B-4A0B-4FF1-AC66-38374D2455E9}.Debug|Any CPU.Build.0 = Debug|Any CPU
		{45C24D4B-4A0B-4FF1-AC66-38374D2455E9}.Release|Any CPU.ActiveCfg = Release|Any CPU
		{45C24D4B-4A0B-4FF1-AC66-38374D2455E9}.Release|Any CPU.Build.0 = Release|Any CPU
		{CC1D3E7F-E6F1-432B-B4D1-9402AED24119}.Debug|Any CPU.ActiveCfg = Debug|Any CPU
		{CC1D3E7F-E6F1-432B-B4D1-9402AED24119}.Debug|Any CPU.Build.0 = Debug|Any CPU
		{CC1D3E7F-E6F1-432B-B4D1-9402AED24119}.Release|Any CPU.ActiveCfg = Release|Any CPU
		{CC1D3E7F-E6F1-432B-B4D1-9402AED24119}.Release|Any CPU.Build.0 = Release|Any CPU
	EndGlobalSection
	GlobalSection(SolutionProperties) = preSolution
		HideSolutionNode = FALSE
	EndGlobalSection
	GlobalSection(NestedProjects) = preSolution
		{1FA7CE2A-C9DA-4DC3-A242-5A7EAF8EE4FC} = {870D9301-BE3D-44EA-BF9C-FCC2E87FE4CD}
		{4DBDB7F5-3F66-4572-80B5-3322449C77A4} = {1FA7CE2A-C9DA-4DC3-A242-5A7EAF8EE4FC}
		{97886205-1467-4EE6-B3DA-496CA3D086E4} = {F9B24CD9-E06B-4834-84CB-8C29E5F10BE0}
		{45C24D4B-4A0B-4FF1-AC66-38374D2455E9} = {F9B24CD9-E06B-4834-84CB-8C29E5F10BE0}
		{13CB9B41-0462-4812-8B13-0BFD17F2BC18} = {870D9301-BE3D-44EA-BF9C-FCC2E87FE4CD}
		{CC1D3E7F-E6F1-432B-B4D1-9402AED24119} = {F9B24CD9-E06B-4834-84CB-8C29E5F10BE0}
	EndGlobalSection
	GlobalSection(ExtensibilityGlobals) = postSolution
		SolutionGuid = {32874F5B-B467-4F28-A8E2-82C2536FB228}
	EndGlobalSection
EndGlobal
